
Microsoft Visual Studio Solution File, Format Version 12.00
# Visual Studio Version 17
VisualStudioVersion = 17.4.33103.184
MinimumVisualStudioVersion = 10.0.40219.1
Project("{9A19103F-16F7-4668-BE54-9A1E7A4F7556}") = "TestMVC", "SoftExpresTestMVC\TestMVC.csproj", "{CF3F3BFA-04C3-4773-8EFE-97363B53F77F}"
EndProject
Global
	GlobalSection(SolutionConfigurationPlatforms) = preSolution
		Debug|Any CPU = Debug|Any CPU
		Release|Any CPU = Release|Any CPU
	EndGlobalSection
	GlobalSection(ProjectConfigurationPlatforms) = postSolution
		{CF3F3BFA-04C3-4773-8EFE-97363B53F77F}.Debug|Any CPU.ActiveCfg = Debug|Any CPU
		{CF3F3BFA-04C3-4773-8EFE-97363B53F77F}.Debug|Any CPU.Build.0 = Debug|Any CPU
		{CF3F3BFA-04C3-4773-8EFE-97363B53F77F}.Release|Any CPU.ActiveCfg = Release|Any CPU
		{CF3F3BFA-04C3-4773-8EFE-97363B53F77F}.Release|Any CPU.Build.0 = Release|Any CPU
	EndGlobalSection
	GlobalSection(SolutionProperties) = preSolution
		HideSolutionNode = FALSE
	EndGlobalSection
	GlobalSection(ExtensibilityGlobals) = postSolution
		SolutionGuid = {1D4D1C65-2AD8-462E-8715-7825ED8527C0}
	EndGlobalSection
EndGlobal
